// !$*UTF8*$!
{
	archiveVersion = 1;
	classes = {
	};
	objectVersion = 56;
	objects = {

/* Begin PBXBuildFile section */
		38F9EF762B1B280D008B8D66 /* AOC_2023App.swift in Sources */ = {isa = PBXBuildFile; fileRef = 38F9EF752B1B280D008B8D66 /* AOC_2023App.swift */; };
		38F9EF782B1B280D008B8D66 /* ContentView.swift in Sources */ = {isa = PBXBuildFile; fileRef = 38F9EF772B1B280D008B8D66 /* ContentView.swift */; };
		38F9EF7C2B1B280E008B8D66 /* Assets.xcassets in Resources */ = {isa = PBXBuildFile; fileRef = 38F9EF7B2B1B280E008B8D66 /* Assets.xcassets */; };
		38F9EF7F2B1B280E008B8D66 /* Preview Assets.xcassets in Resources */ = {isa = PBXBuildFile; fileRef = 38F9EF7E2B1B280E008B8D66 /* Preview Assets.xcassets */; };
		38F9EF942B1B29EB008B8D66 /* Menu.swift in Sources */ = {isa = PBXBuildFile; fileRef = 38F9EF932B1B29EB008B8D66 /* Menu.swift */; };
		38F9EF962B1B2A0E008B8D66 /* DayOneView.swift in Sources */ = {isa = PBXBuildFile; fileRef = 38F9EF952B1B2A0E008B8D66 /* DayOneView.swift */; };
		38F9EF982B1B2A7E008B8D66 /* HomeView.swift in Sources */ = {isa = PBXBuildFile; fileRef = 38F9EF972B1B2A7E008B8D66 /* HomeView.swift */; };
		38F9EF9B2B1B2AF4008B8D66 /* TabView.swift in Sources */ = {isa = PBXBuildFile; fileRef = 38F9EF9A2B1B2AF4008B8D66 /* TabView.swift */; };
		38F9EF9E2B1B2B4D008B8D66 /* SearchView.swift in Sources */ = {isa = PBXBuildFile; fileRef = 38F9EF9D2B1B2B4D008B8D66 /* SearchView.swift */; };
/* End PBXBuildFile section */

/* Begin PBXFileReference section */
		38F9EF722B1B280D008B8D66 /* AOC-2023.app */ = {isa = PBXFileReference; explicitFileType = wrapper.application; includeInIndex = 0; path = "AOC-2023.app"; sourceTree = BUILT_PRODUCTS_DIR; };
		38F9EF752B1B280D008B8D66 /* AOC_2023App.swift */ = {isa = PBXFileReference; lastKnownFileType = sourcecode.swift; path = AOC_2023App.swift; sourceTree = "<group>"; };
		38F9EF772B1B280D008B8D66 /* ContentView.swift */ = {isa = PBXFileReference; lastKnownFileType = sourcecode.swift; path = ContentView.swift; sourceTree = "<group>"; };
		38F9EF7B2B1B280E008B8D66 /* Assets.xcassets */ = {isa = PBXFileReference; lastKnownFileType = folder.assetcatalog; path = Assets.xcassets; sourceTree = "<group>"; };
		38F9EF7E2B1B280E008B8D66 /* Preview Assets.xcassets */ = {isa = PBXFileReference; lastKnownFileType = folder.assetcatalog; path = "Preview Assets.xcassets"; sourceTree = "<group>"; };
		38F9EF932B1B29EB008B8D66 /* Menu.swift */ = {isa = PBXFileReference; lastKnownFileType = sourcecode.swift; path = Menu.swift; sourceTree = "<group>"; };
		38F9EF952B1B2A0E008B8D66 /* DayOneView.swift */ = {isa = PBXFileReference; lastKnownFileType = sourcecode.swift; path = DayOneView.swift; sourceTree = "<group>"; };
		38F9EF972B1B2A7E008B8D66 /* HomeView.swift */ = {isa = PBXFileReference; lastKnownFileType = sourcecode.swift; path = HomeView.swift; sourceTree = "<group>"; };
		38F9EF9A2B1B2AF4008B8D66 /* TabView.swift */ = {isa = PBXFileReference; lastKnownFileType = sourcecode.swift; path = TabView.swift; sourceTree = "<group>"; };
		38F9EF9D2B1B2B4D008B8D66 /* SearchView.swift */ = {isa = PBXFileReference; lastKnownFileType = sourcecode.swift; path = SearchView.swift; sourceTree = "<group>"; };
/* End PBXFileReference section */

/* Begin PBXFrameworksBuildPhase section */
		38F9EF6F2B1B280D008B8D66 /* Frameworks */ = {
			isa = PBXFrameworksBuildPhase;
			buildActionMask = 2147483647;
			files = (
			);
			runOnlyForDeploymentPostprocessing = 0;
		};
/* End PBXFrameworksBuildPhase section */

/* Begin PBXGroup section */
		38F9EF692B1B280D008B8D66 = {
			isa = PBXGroup;
			children = (
				38F9EF742B1B280D008B8D66 /* AOC-2023 */,
				38F9EF732B1B280D008B8D66 /* Products */,
			);
			sourceTree = "<group>";
		};
		38F9EF732B1B280D008B8D66 /* Products */ = {
			isa = PBXGroup;
			children = (
				38F9EF722B1B280D008B8D66 /* AOC-2023.app */,
			);
			name = Products;
			sourceTree = "<group>";
		};
		38F9EF742B1B280D008B8D66 /* AOC-2023 */ = {
			isa = PBXGroup;
			children = (
				38F9EF852B1B2915008B8D66 /* App */,
				38F9EF872B1B2924008B8D66 /* Resources */,
				38F9EF862B1B291F008B8D66 /* Core */,
				38F9EF7D2B1B280E008B8D66 /* Preview Content */,
			);
			path = "AOC-2023";
			sourceTree = "<group>";
		};
		38F9EF7D2B1B280E008B8D66 /* Preview Content */ = {
			isa = PBXGroup;
			children = (
				38F9EF7E2B1B280E008B8D66 /* Preview Assets.xcassets */,
			);
			path = "Preview Content";
			sourceTree = "<group>";
		};
		38F9EF852B1B2915008B8D66 /* App */ = {
			isa = PBXGroup;
			children = (
				38F9EF752B1B280D008B8D66 /* AOC_2023App.swift */,
			);
			path = App;
			sourceTree = "<group>";
		};
		38F9EF862B1B291F008B8D66 /* Core */ = {
			isa = PBXGroup;
			children = (
				38F9EF9C2B1B2B43008B8D66 /* Search */,
				38F9EF882B1B2930008B8D66 /* Home */,
				38F9EF902B1B2958008B8D66 /* Root */,
				38F9EF8F2B1B2952008B8D66 /* Day 7 */,
				38F9EF8E2B1B294D008B8D66 /* Day 6 */,
				38F9EF8D2B1B2948008B8D66 /* Day 5 */,
				38F9EF8C2B1B2944008B8D66 /* Day 4 */,
				38F9EF8B2B1B293F008B8D66 /* Day 3 */,
				38F9EF8A2B1B2939008B8D66 /* Day 2 */,
				38F9EF892B1B2934008B8D66 /* Day 1 */,
			);
			path = Core;
			sourceTree = "<group>";
		};
		38F9EF872B1B2924008B8D66 /* Resources */ = {
			isa = PBXGroup;
			children = (
				38F9EF7B2B1B280E008B8D66 /* Assets.xcassets */,
			);
			path = Resources;
			sourceTree = "<group>";
		};
		38F9EF882B1B2930008B8D66 /* Home */ = {
			isa = PBXGroup;
			children = (
				38F9EF992B1B2ADF008B8D66 /* TabBar */,
				38F9EF922B1B29CF008B8D66 /* Model */,
				38F9EF912B1B29CA008B8D66 /* View */,
			);
			path = Home;
			sourceTree = "<group>";
		};
		38F9EF892B1B2934008B8D66 /* Day 1 */ = {
			isa = PBXGroup;
			children = (
				38F9EF952B1B2A0E008B8D66 /* DayOneView.swift */,
			);
			path = "Day 1";
			sourceTree = "<group>";
		};
		38F9EF8A2B1B2939008B8D66 /* Day 2 */ = {
			isa = PBXGroup;
			children = (
			);
			path = "Day 2";
			sourceTree = "<group>";
		};
		38F9EF8B2B1B293F008B8D66 /* Day 3 */ = {
			isa = PBXGroup;
			children = (
			);
			path = "Day 3";
			sourceTree = "<group>";
		};
		38F9EF8C2B1B2944008B8D66 /* Day 4 */ = {
			isa = PBXGroup;
			children = (
			);
			path = "Day 4";
			sourceTree = "<group>";
		};
		38F9EF8D2B1B2948008B8D66 /* Day 5 */ = {
			isa = PBXGroup;
			children = (
			);
			path = "Day 5";
			sourceTree = "<group>";
		};
		38F9EF8E2B1B294D008B8D66 /* Day 6 */ = {
			isa = PBXGroup;
			children = (
			);
			path = "Day 6";
			sourceTree = "<group>";
		};
		38F9EF8F2B1B2952008B8D66 /* Day 7 */ = {
			isa = PBXGroup;
			children = (
			);
			path = "Day 7";
			sourceTree = "<group>";
		};
		38F9EF902B1B2958008B8D66 /* Root */ = {
			isa = PBXGroup;
			children = (
				38F9EF772B1B280D008B8D66 /* ContentView.swift */,
			);
			path = Root;
			sourceTree = "<group>";
		};
		38F9EF912B1B29CA008B8D66 /* View */ = {
			isa = PBXGroup;
			children = (
				38F9EF972B1B2A7E008B8D66 /* HomeView.swift */,
			);
			path = View;
			sourceTree = "<group>";
		};
		38F9EF922B1B29CF008B8D66 /* Model */ = {
			isa = PBXGroup;
			children = (
				38F9EF932B1B29EB008B8D66 /* Menu.swift */,
			);
			path = Model;
			sourceTree = "<group>";
		};
		38F9EF992B1B2ADF008B8D66 /* TabBar */ = {
			isa = PBXGroup;
			children = (
				38F9EF9A2B1B2AF4008B8D66 /* TabView.swift */,
			);
			path = TabBar;
			sourceTree = "<group>";
		};
		38F9EF9C2B1B2B43008B8D66 /* Search */ = {
			isa = PBXGroup;
			children = (
				38F9EF9D2B1B2B4D008B8D66 /* SearchView.swift */,
			);
			path = Search;
			sourceTree = "<group>";
		};
/* End PBXGroup section */

/* Begin PBXNativeTarget section */
		38F9EF712B1B280D008B8D66 /* AOC-2023 */ = {
			isa = PBXNativeTarget;
			buildConfigurationList = 38F9EF822B1B280E008B8D66 /* Build configuration list for PBXNativeTarget "AOC-2023" */;
			buildPhases = (
				38F9EF6E2B1B280D008B8D66 /* Sources */,
				38F9EF6F2B1B280D008B8D66 /* Frameworks */,
				38F9EF702B1B280D008B8D66 /* Resources */,
			);
			buildRules = (
			);
			dependencies = (
			);
			name = "AOC-2023";
			productName = "AOC-2023";
			productReference = 38F9EF722B1B280D008B8D66 /* AOC-2023.app */;
			productType = "com.apple.product-type.application";
		};
/* End PBXNativeTarget section */

/* Begin PBXProject section */
		38F9EF6A2B1B280D008B8D66 /* Project object */ = {
			isa = PBXProject;
			attributes = {
				BuildIndependentTargetsInParallel = 1;
				LastSwiftUpdateCheck = 1510;
				LastUpgradeCheck = 1510;
				TargetAttributes = {
					38F9EF712B1B280D008B8D66 = {
						CreatedOnToolsVersion = 15.1;
					};
				};
			};
			buildConfigurationList = 38F9EF6D2B1B280D008B8D66 /* Build configuration list for PBXProject "AOC-2023" */;
			compatibilityVersion = "Xcode 14.0";
			developmentRegion = en;
			hasScannedForEncodings = 0;
			knownRegions = (
				en,
				Base,
			);
			mainGroup = 38F9EF692B1B280D008B8D66;
			productRefGroup = 38F9EF732B1B280D008B8D66 /* Products */;
			projectDirPath = "";
			projectRoot = "";
			targets = (
				38F9EF712B1B280D008B8D66 /* AOC-2023 */,
			);
		};
/* End PBXProject section */

/* Begin PBXResourcesBuildPhase section */
		38F9EF702B1B280D008B8D66 /* Resources */ = {
			isa = PBXResourcesBuildPhase;
			buildActionMask = 2147483647;
			files = (
				38F9EF7F2B1B280E008B8D66 /* Preview Assets.xcassets in Resources */,
				38F9EF7C2B1B280E008B8D66 /* Assets.xcassets in Resources */,
			);
			runOnlyForDeploymentPostprocessing = 0;
		};
/* End PBXResourcesBuildPhase section */

/* Begin PBXSourcesBuildPhase section */
		38F9EF6E2B1B280D008B8D66 /* Sources */ = {
			isa = PBXSourcesBuildPhase;
			buildActionMask = 2147483647;
			files = (
				38F9EF942B1B29EB008B8D66 /* Menu.swift in Sources */,
				38F9EF782B1B280D008B8D66 /* ContentView.swift in Sources */,
				38F9EF762B1B280D008B8D66 /* AOC_2023App.swift in Sources */,
				38F9EF9E2B1B2B4D008B8D66 /* SearchView.swift in Sources */,
				38F9EF982B1B2A7E008B8D66 /* HomeView.swift in Sources */,
				38F9EF9B2B1B2AF4008B8D66 /* TabView.swift in Sources */,
				38F9EF962B1B2A0E008B8D66 /* DayOneView.swift in Sources */,
			);
			runOnlyForDeploymentPostprocessing = 0;
		};
/* End PBXSourcesBuildPhase section */

/* Begin XCBuildConfiguration section */
		38F9EF802B1B280E008B8D66 /* Debug */ = {
			isa = XCBuildConfiguration;
			buildSettings = {
				ALWAYS_SEARCH_USER_PATHS = NO;
				ASSETCATALOG_COMPILER_GENERATE_SWIFT_ASSET_SYMBOL_EXTENSIONS = YES;
				CLANG_ANALYZER_NONNULL = YES;
				CLANG_ANALYZER_NUMBER_OBJECT_CONVERSION = YES_AGGRESSIVE;
				CLANG_CXX_LANGUAGE_STANDARD = "gnu++20";
				CLANG_ENABLE_MODULES = YES;
				CLANG_ENABLE_OBJC_ARC = YES;
				CLANG_ENABLE_OBJC_WEAK = YES;
				CLANG_WARN_BLOCK_CAPTURE_AUTORELEASING = YES;
				CLANG_WARN_BOOL_CONVERSION = YES;
				CLANG_WARN_COMMA = YES;
				CLANG_WARN_CONSTANT_CONVERSION = YES;
				CLANG_WARN_DEPRECATED_OBJC_IMPLEMENTATIONS = YES;
				CLANG_WARN_DIRECT_OBJC_ISA_USAGE = YES_ERROR;
				CLANG_WARN_DOCUMENTATION_COMMENTS = YES;
				CLANG_WARN_EMPTY_BODY = YES;
				CLANG_WARN_ENUM_CONVERSION = YES;
				CLANG_WARN_INFINITE_RECURSION = YES;
				CLANG_WARN_INT_CONVERSION = YES;
				CLANG_WARN_NON_LITERAL_NULL_CONVERSION = YES;
				CLANG_WARN_OBJC_IMPLICIT_RETAIN_SELF = YES;
				CLANG_WARN_OBJC_LITERAL_CONVERSION = YES;
				CLANG_WARN_OBJC_ROOT_CLASS = YES_ERROR;
				CLANG_WARN_QUOTED_INCLUDE_IN_FRAMEWORK_HEADER = YES;
				CLANG_WARN_RANGE_LOOP_ANALYSIS = YES;
				CLANG_WARN_STRICT_PROTOTYPES = YES;
				CLANG_WARN_SUSPICIOUS_MOVE = YES;
				CLANG_WARN_UNGUARDED_AVAILABILITY = YES_AGGRESSIVE;
				CLANG_WARN_UNREACHABLE_CODE = YES;
				CLANG_WARN__DUPLICATE_METHOD_MATCH = YES;
				COPY_PHASE_STRIP = NO;
				DEBUG_INFORMATION_FORMAT = dwarf;
				ENABLE_STRICT_OBJC_MSGSEND = YES;
				ENABLE_TESTABILITY = YES;
				ENABLE_USER_SCRIPT_SANDBOXING = YES;
				GCC_C_LANGUAGE_STANDARD = gnu17;
				GCC_DYNAMIC_NO_PIC = NO;
				GCC_NO_COMMON_BLOCKS = YES;
				GCC_OPTIMIZATION_LEVEL = 0;
				GCC_PREPROCESSOR_DEFINITIONS = (
					"DEBUG=1",
					"$(inherited)",
				);
				GCC_WARN_64_TO_32_BIT_CONVERSION = YES;
				GCC_WARN_ABOUT_RETURN_TYPE = YES_ERROR;
				GCC_WARN_UNDECLARED_SELECTOR = YES;
				GCC_WARN_UNINITIALIZED_AUTOS = YES_AGGRESSIVE;
				GCC_WARN_UNUSED_FUNCTION = YES;
				GCC_WARN_UNUSED_VARIABLE = YES;
				IPHONEOS_DEPLOYMENT_TARGET = 17.2;
				LOCALIZATION_PREFERS_STRING_CATALOGS = YES;
				MTL_ENABLE_DEBUG_INFO = INCLUDE_SOURCE;
				MTL_FAST_MATH = YES;
				ONLY_ACTIVE_ARCH = YES;
				SDKROOT = iphoneos;
				SWIFT_ACTIVE_COMPILATION_CONDITIONS = "DEBUG $(inherited)";
				SWIFT_OPTIMIZATION_LEVEL = "-Onone";
			};
			name = Debug;
		};
		38F9EF812B1B280E008B8D66 /* Release */ = {
			isa = XCBuildConfiguration;
			buildSettings = {
				ALWAYS_SEARCH_USER_PATHS = NO;
				ASSETCATALOG_COMPILER_GENERATE_SWIFT_ASSET_SYMBOL_EXTENSIONS = YES;
				CLANG_ANALYZER_NONNULL = YES;
				CLANG_ANALYZER_NUMBER_OBJECT_CONVERSION = YES_AGGRESSIVE;
				CLANG_CXX_LANGUAGE_STANDARD = "gnu++20";
				CLANG_ENABLE_MODULES = YES;
				CLANG_ENABLE_OBJC_ARC = YES;
				CLANG_ENABLE_OBJC_WEAK = YES;
				CLANG_WARN_BLOCK_CAPTURE_AUTORELEASING = YES;
				CLANG_WARN_BOOL_CONVERSION = YES;
				CLANG_WARN_COMMA = YES;
				CLANG_WARN_CONSTANT_CONVERSION = YES;
				CLANG_WARN_DEPRECATED_OBJC_IMPLEMENTATIONS = YES;
				CLANG_WARN_DIRECT_OBJC_ISA_USAGE = YES_ERROR;
				CLANG_WARN_DOCUMENTATION_COMMENTS = YES;
				CLANG_WARN_EMPTY_BODY = YES;
				CLANG_WARN_ENUM_CONVERSION = YES;
				CLANG_WARN_INFINITE_RECURSION = YES;
				CLANG_WARN_INT_CONVERSION = YES;
				CLANG_WARN_NON_LITERAL_NULL_CONVERSION = YES;
				CLANG_WARN_OBJC_IMPLICIT_RETAIN_SELF = YES;
				CLANG_WARN_OBJC_LITERAL_CONVERSION = YES;
				CLANG_WARN_OBJC_ROOT_CLASS = YES_ERROR;
				CLANG_WARN_QUOTED_INCLUDE_IN_FRAMEWORK_HEADER = YES;
				CLANG_WARN_RANGE_LOOP_ANALYSIS = YES;
				CLANG_WARN_STRICT_PROTOTYPES = YES;
				CLANG_WARN_SUSPICIOUS_MOVE = YES;
				CLANG_WARN_UNGUARDED_AVAILABILITY = YES_AGGRESSIVE;
				CLANG_WARN_UNREACHABLE_CODE = YES;
				CLANG_WARN__DUPLICATE_METHOD_MATCH = YES;
				COPY_PHASE_STRIP = NO;
				DEBUG_INFORMATION_FORMAT = "dwarf-with-dsym";
				ENABLE_NS_ASSERTIONS = NO;
				ENABLE_STRICT_OBJC_MSGSEND = YES;
				ENABLE_USER_SCRIPT_SANDBOXING = YES;
				GCC_C_LANGUAGE_STANDARD = gnu17;
				GCC_NO_COMMON_BLOCKS = YES;
				GCC_WARN_64_TO_32_BIT_CONVERSION = YES;
				GCC_WARN_ABOUT_RETURN_TYPE = YES_ERROR;
				GCC_WARN_UNDECLARED_SELECTOR = YES;
				GCC_WARN_UNINITIALIZED_AUTOS = YES_AGGRESSIVE;
				GCC_WARN_UNUSED_FUNCTION = YES;
				GCC_WARN_UNUSED_VARIABLE = YES;
				IPHONEOS_DEPLOYMENT_TARGET = 17.2;
				LOCALIZATION_PREFERS_STRING_CATALOGS = YES;
				MTL_ENABLE_DEBUG_INFO = NO;
				MTL_FAST_MATH = YES;
				SDKROOT = iphoneos;
				SWIFT_COMPILATION_MODE = wholemodule;
				VALIDATE_PRODUCT = YES;
			};
			name = Release;
		};
		38F9EF832B1B280E008B8D66 /* Debug */ = {
			isa = XCBuildConfiguration;
			buildSettings = {
				ASSETCATALOG_COMPILER_APPICON_NAME = AppIcon;
				ASSETCATALOG_COMPILER_GLOBAL_ACCENT_COLOR_NAME = AccentColor;
				CODE_SIGN_STYLE = Automatic;
				CURRENT_PROJECT_VERSION = 1;
				DEVELOPMENT_ASSET_PATHS = "\"AOC-2023/Preview Content\"";
				DEVELOPMENT_TEAM = W93RMB5CDG;
				ENABLE_PREVIEWS = YES;
				GENERATE_INFOPLIST_FILE = YES;
				INFOPLIST_KEY_UIApplicationSceneManifest_Generation = YES;
				INFOPLIST_KEY_UIApplicationSupportsIndirectInputEvents = YES;
				INFOPLIST_KEY_UILaunchScreen_Generation = YES;
				INFOPLIST_KEY_UISupportedInterfaceOrientations_iPad = "UIInterfaceOrientationPortrait UIInterfaceOrientationPortraitUpsideDown UIInterfaceOrientationLandscapeLeft UIInterfaceOrientationLandscapeRight";
				INFOPLIST_KEY_UISupportedInterfaceOrientations_iPhone = "UIInterfaceOrientationPortrait UIInterfaceOrientationLandscapeLeft UIInterfaceOrientationLandscapeRight";
				LD_RUNPATH_SEARCH_PATHS = (
					"$(inherited)",
					"@executable_path/Frameworks",
				);
				MARKETING_VERSION = 1.0;
				PRODUCT_BUNDLE_IDENTIFIER = "com.nhstudio.AOC-2023";
				PRODUCT_NAME = "$(TARGET_NAME)";
				SWIFT_EMIT_LOC_STRINGS = YES;
				SWIFT_VERSION = 5.0;
				TARGETED_DEVICE_FAMILY = "1,2";
			};
			name = Debug;
		};
		38F9EF842B1B280E008B8D66 /* Release */ = {
			isa = XCBuildConfiguration;
			buildSettings = {
				ASSETCATALOG_COMPILER_APPICON_NAME = AppIcon;
				ASSETCATALOG_COMPILER_GLOBAL_ACCENT_COLOR_NAME = AccentColor;
				CODE_SIGN_STYLE = Automatic;
				CURRENT_PROJECT_VERSION = 1;
				DEVELOPMENT_ASSET_PATHS = "\"AOC-2023/Preview Content\"";
				DEVELOPMENT_TEAM = W93RMB5CDG;
				ENABLE_PREVIEWS = YES;
				GENERATE_INFOPLIST_FILE = YES;
				INFOPLIST_KEY_UIApplicationSceneManifest_Generation = YES;
				INFOPLIST_KEY_UIApplicationSupportsIndirectInputEvents = YES;
				INFOPLIST_KEY_UILaunchScreen_Generation = YES;
				INFOPLIST_KEY_UISupportedInterfaceOrientations_iPad = "UIInterfaceOrientationPortrait UIInterfaceOrientationPortraitUpsideDown UIInterfaceOrientationLandscapeLeft UIInterfaceOrientationLandscapeRight";
				INFOPLIST_KEY_UISupportedInterfaceOrientations_iPhone = "UIInterfaceOrientationPortrait UIInterfaceOrientationLandscapeLeft UIInterfaceOrientationLandscapeRight";
				LD_RUNPATH_SEARCH_PATHS = (
					"$(inherited)",
					"@executable_path/Frameworks",
				);
				MARKETING_VERSION = 1.0;
				PRODUCT_BUNDLE_IDENTIFIER = "com.nhstudio.AOC-2023";
				PRODUCT_NAME = "$(TARGET_NAME)";
				SWIFT_EMIT_LOC_STRINGS = YES;
				SWIFT_VERSION = 5.0;
				TARGETED_DEVICE_FAMILY = "1,2";
			};
			name = Release;
		};
/* End XCBuildConfiguration section */

/* Begin XCConfigurationList section */
		38F9EF6D2B1B280D008B8D66 /* Build configuration list for PBXProject "AOC-2023" */ = {
			isa = XCConfigurationList;
			buildConfigurations = (
				38F9EF802B1B280E008B8D66 /* Debug */,
				38F9EF812B1B280E008B8D66 /* Release */,
			);
			defaultConfigurationIsVisible = 0;
			defaultConfigurationName = Release;
		};
		38F9EF822B1B280E008B8D66 /* Build configuration list for PBXNativeTarget "AOC-2023" */ = {
			isa = XCConfigurationList;
			buildConfigurations = (
				38F9EF832B1B280E008B8D66 /* Debug */,
				38F9EF842B1B280E008B8D66 /* Release */,
			);
			defaultConfigurationIsVisible = 0;
			defaultConfigurationName = Release;
		};
/* End XCConfigurationList section */
	};
	rootObject = 38F9EF6A2B1B280D008B8D66 /* Project object */;
}
